
Microsoft Visual Studio Solution File, Format Version 12.00
# Visual Studio 15
Project("{FAE04EC0-301F-11D3-BF4B-00C04F79EFBC}") = "Assembly-CSharp", "Assembly-CSharp.csproj", "{5E153A59-0CB0-1D0E-B250-D89D0AEF4C01}"
EndProject
Project("{FAE04EC0-301F-11D3-BF4B-00C04F79EFBC}") = "Assembly-CSharp-firstpass", "Assembly-CSharp-firstpass.csproj", "{B61F2DDC-EC11-E90A-2583-D424AD956EE2}"
EndProject
Project("{FAE04EC0-301F-11D3-BF4B-00C04F79EFBC}") = "Assembly-CSharp-Editor-firstpass", "Assembly-CSharp-Editor-firstpass.csproj", "{CFC5DFF8-E2E1-4DAF-61B0-12D3DC78647E}"
EndProject
Global
	GlobalSection(SolutionConfigurationPlatforms) = preSolution
		Debug|Any CPU = Debug|Any CPU
		Release|Any CPU = Release|Any CPU
	EndGlobalSection
	GlobalSection(ProjectConfigurationPlatforms) = postSolution
		{5E153A59-0CB0-1D0E-B250-D89D0AEF4C01}.Debug|Any CPU.ActiveCfg = Debug|Any CPU
		{5E153A59-0CB0-1D0E-B250-D89D0AEF4C01}.Debug|Any CPU.Build.0 = Debug|Any CPU
		{5E153A59-0CB0-1D0E-B250-D89D0AEF4C01}.Release|Any CPU.ActiveCfg = Release|Any CPU
		{5E153A59-0CB0-1D0E-B250-D89D0AEF4C01}.Release|Any CPU.Build.0 = Release|Any CPU
		{B61F2DDC-EC11-E90A-2583-D424AD956EE2}.Debug|Any CPU.ActiveCfg = Debug|Any CPU
		{B61F2DDC-EC11-E90A-2583-D424AD956EE2}.Debug|Any CPU.Build.0 = Debug|Any CPU
		{B61F2DDC-EC11-E90A-2583-D424AD956EE2}.Release|Any CPU.ActiveCfg = Release|Any CPU
		{B61F2DDC-EC11-E90A-2583-D424AD956EE2}.Release|Any CPU.Build.0 = Release|Any CPU
		{CFC5DFF8-E2E1-4DAF-61B0-12D3DC78647E}.Debug|Any CPU.ActiveCfg = Debug|Any CPU
		{CFC5DFF8-E2E1-4DAF-61B0-12D3DC78647E}.Debug|Any CPU.Build.0 = Debug|Any CPU
		{CFC5DFF8-E2E1-4DAF-61B0-12D3DC78647E}.Release|Any CPU.ActiveCfg = Release|Any CPU
		{CFC5DFF8-E2E1-4DAF-61B0-12D3DC78647E}.Release|Any CPU.Build.0 = Release|Any CPU
	EndGlobalSection
	GlobalSection(SolutionProperties) = preSolution
		HideSolutionNode = FALSE
	EndGlobalSection
EndGlobal
